
Microsoft Visual Studio Solution File, Format Version 12.00
# Visual Studio Version 17
VisualStudioVersion = 17.13.35818.85 d17.13
MinimumVisualStudioVersion = 10.0.40219.1
Project("{FAE04EC0-301F-11D3-BF4B-00C04F79EFBC}") = "tpmodul12_103022300134", "tpmodul12_103022300134\tpmodul12_103022300134.csproj", "{AC941206-2C4E-496C-9724-7DDB782E514A}"
EndProject
Project("{FAE04EC0-301F-11D3-BF4B-00C04F79EFBC}") = "UnitTestTP12", "UnitTestTP12\UnitTestTP12.csproj", "{ECB67B8F-AA00-47A1-9554-332062C7F720}"
EndProject
Global
	GlobalSection(SolutionConfigurationPlatforms) = preSolution
		Debug|Any CPU = Debug|Any CPU
		Release|Any CPU = Release|Any CPU
	EndGlobalSection
	GlobalSection(ProjectConfigurationPlatforms) = postSolution
		{AC941206-2C4E-496C-9724-7DDB782E514A}.Debug|Any CPU.ActiveCfg = Debug|Any CPU
		{AC941206-2C4E-496C-9724-7DDB782E514A}.Debug|Any CPU.Build.0 = Debug|Any CPU
		{AC941206-2C4E-496C-9724-7DDB782E514A}.Release|Any CPU.ActiveCfg = Release|Any CPU
		{AC941206-2C4E-496C-9724-7DDB782E514A}.Release|Any CPU.Build.0 = Release|Any CPU
		{ECB67B8F-AA00-47A1-9554-332062C7F720}.Debug|Any CPU.ActiveCfg = Debug|Any CPU
		{ECB67B8F-AA00-47A1-9554-332062C7F720}.Debug|Any CPU.Build.0 = Debug|Any CPU
		{ECB67B8F-AA00-47A1-9554-332062C7F720}.Release|Any CPU.ActiveCfg = Release|Any CPU
		{ECB67B8F-AA00-47A1-9554-332062C7F720}.Release|Any CPU.Build.0 = Release|Any CPU
	EndGlobalSection
	GlobalSection(SolutionProperties) = preSolution
		HideSolutionNode = FALSE
	EndGlobalSection
	GlobalSection(ExtensibilityGlobals) = postSolution
		SolutionGuid = {EB6A75AD-45B1-4394-BEF2-BB0863A2177C}
	EndGlobalSection
EndGlobal
